filippo.io/edwards25519 v1.0.0-rc.1 h1:m0VOOB23frXZvAOK44usCgLWvtsxIoMCTBGJZlpmGfU=
filippo.io/edwards25519 v1.0.0-rc.1/go.mod h1:N1IkdkCkiLB6tki+MYJoSx2JTY9NUlxZE7eHn5EwJns=
filippo.io/mkcert v1.4.3 h1:axpnmtrZMM8u5Hf4N3UXxboGemMOV+Tn+e+pkHM6E3o=
github.com/BurntSushi/toml v1.1.0 h1:ksErzDEI1khOiGPgpwuI7x2ebx/uXQNw7xJpn9Eq1+I=
github.com/akutz/memconn v0.1.0 h1:NawI0TORU4hcOMsMr11g7vwlCdkYeLKXBcxWu2W/P8A=
github.com/akutz/memconn v0.1.0/go.mod h1:Jo8rI7m0NieZyLI5e2CDlRdRqRRB4S7Xp77ukDjH+Fw=
github.com/alexbrainman/sspi v0.0.0-20210105120005-909beea2cc74 h1:Kk6a4nehpJ3UuJRqlA3JxYxBZEqCeOmATOvrbT4p9RA=
github.com/alexbrainman/sspi v0.0.0-20210105120005-909beea2cc74/go.mod h1:cEWa1LVoE5KvSD9ONXsZrj0z6KqySlCCNKHlLzbqAt4=
github.com/aws/aws-sdk-go-v2 v1.11.2 h1:SDiCYqxdIYi6HgQfAWRhgdZrdnOuGyLDJVRSWLeHWvs=
github.com/aws/aws-sdk-go-v2 v1.11.2/go.mod h1:SQfA+m2ltnu1cA0soUkj4dRSsmITiVQUJvBIZjzfPyQ=
github.com/aws/aws-sdk-go-v2/config v1.11.0 h1:Czlld5zBB61A3/aoegA9/buZulwL9mHHfizh/Oq+Kqs=
github.com/aws/aws-sdk-go-v2/config v1.11.0/go.mod h1:VrQDJGFBM5yZe+IOeenNZ/DWoErdny+k2MHEIpwDsEY=
github.com/aws/aws-sdk-go-v2/credentials v1.6.4 h1:2hvbUoHufns0lDIsaK8FVCMukT1WngtZPavN+W2FkSw=
github.com/aws/aws-sdk-go-v2/credentials v1.6.4/go.mod h1:tTrhvBPHyPde4pdIPSba4Nv7RYr4wP9jxXEDa1bKn/8=
github.com/aws/aws-sdk-go-v2/feature/ec2/imds v1.8.2 h1:KiN5TPOLrEjbGCvdTQR4t0U4T87vVwALZ5Bg3jpMqPY=
github.com/aws/aws-sdk-go-v2/feature/ec2/imds v1.8.2/go.mod h1:dF2F6tXEOgmW5X1ZFO/EPtWrcm7XkW07KNcJUGNtt4s=
github.com/aws/aws-sdk-go-v2/internal/configsources v1.1.2 h1:XJLnluKuUxQG255zPNe+04izXl7GSyUVafIsgfv9aw4=
github.com/aws/aws-sdk-go-v2/internal/configsources v1.1.2/go.mod h1:SgKKNBIoDC/E1ZCDhhMW3yalWjwuLjMcpLzsM/QQnWo=
github.com/aws/aws-sdk-go-v2/internal/endpoints/v2 v2.0.2 h1:EauRoYZVNPlidZSZJDscjJBQ22JhVF2+tdteatax2Ak=
github.com/aws/aws-sdk-go-v2/internal/endpoints/v2 v2.0.2/go.mod h1:xT4XX6w5Sa3dhg50JrYyy3e4WPYo/+WjY/BXtqXVunU=
github.com/aws/aws-sdk-go-v2/internal/ini v1.3.2 h1:IQup8Q6lorXeiA/rK72PeToWoWK8h7VAPgHNWdSrtgE=
github.com/aws/aws-sdk-go-v2/internal/ini v1.3.2/go.mod h1:VITe/MdW6EMXPb0o0txu/fsonXbMHUU2OC2Qp7ivU4o=
github.com/aws/aws-sdk-go-v2/service/internal/presigned-url v1.5.2 h1:CKdUNKmuilw/KNmO2Q53Av8u+ZyXMC2M9aX8Z+c/gzg=
github.com/aws/aws-sdk-go-v2/service/internal/presigned-url v1.5.2/go.mod h1:FgR1tCsn8C6+Hf+N5qkfrE4IXvUL1RgW87sunJ+5J4I=
github.com/aws/aws-sdk-go-v2/service/ssm v1.17.1 h1:E/2WewR1wegBnthK8Yz+E87E8Mm4RJC/7R6vg6oAfl0=
github.com/aws/aws-sdk-go-v2/service/ssm v1.17.1/go.mod h1:jqRk4h1lv2pV4G1DTYRj71JIMEoU/gEGvLU5O6ZnpLM=
github.com/aws/aws-sdk-go-v2/service/sso v1.6.2 h1:2IDmvSb86KT44lSg1uU4ONpzgWLOuApRl6Tg54mZ6Dk=
github.com/aws/aws-sdk-go-v2/service/sso v1.6.2/go.mod h1:KnIpszaIdwI33tmc/W/GGXyn22c1USYxA/2KyvoeDY0=
github.com/aws/aws-sdk-go-v2/service/sts v1.11.1 h1:QKR7wy5e650q70PFKMfGF9sTo0rZgUevSSJ4wxmyWXk=
github.com/aws/aws-sdk-go-v2/service/sts v1.11.1/go.mod h1:UV2N5HaPfdbDpkgkz4sRzWCvQswZjdO1FfqCWl0t7RA=
github.com/aws/smithy-go v1.9.0 h1:c7FUdEqrQA1/UVKKCNDFQPNKGp4FQg3YW4Ck5SLTG58=
github.com/aws/smithy-go v1.9.0/go.mod h1:SObp3lf9smib00L/v3U2eAKG8FyQ7iLrJnQiAmR5n+E=
github.com/cilium/ebpf v0.8.1 h1:bLSSEbBLqGPXxls55pGr5qWZaTqcmfDJHhou7t254ao=
github.com/cilium/ebpf v0.8.1/go.mod h1:f5zLIM0FSNuAkSyLAN7X+Hy6yznlF1mNiWUMfxMtrgk=
github.com/coreos/go-iptables v0.6.0 h1:is9qnZMPYjLd8LYqmm/qlE+wwEgJIkTYdhV3rfZo4jk=
github.com/coreos/go-iptables v0.6.0/go.mod h1:Qe8Bv2Xik5FyTXwgIbLAnv2sWSBmvWdFETJConOQ//Q=
github.com/creack/pty v1.1.9/go.mod h1:oKZEueFk5CKHvIhNR5MUki03XCEU+Q6VDXinZuGJ33E=
github.com/davecgh/go-spew v1.1.0/go.mod h1:J7Y8YcW2NihsgmVo/mv3lAwl/skON4iLHjSsI+c5H38=
github.com/davecgh/go-spew v1.1.1 h1:vj9j/u1bqnvCEfJOwUhtlOARqs3+rkHYY13jYWTU97c=
github.com/davecgh/go-spew v1.1.1/go.mod h1:J7Y8YcW2NihsgmVo/mv3lAwl/skON4iLHjSsI+c5H38=
github.com/fanliao/go-promise v0.0.0-20141029170127-1890db352a72/go.mod h1:PjfxuH4FZdUyfMdtBio2lsRr1AKEaVPwelzuHuh8Lqc=
github.com/frankban/quicktest v1.14.0 h1:+cqqvzZV87b4adx/5ayVOaYZ2CrvM4ejQvUdBzPPUss=
github.com/frankban/quicktest v1.14.0/go.mod h1:NeW+ay9A/U67EYXNFA1nPE8e/tnQv/09mUdL/ijj8og=
github.com/fxamacker/cbor/v2 v2.4.0 h1:ri0ArlOR+5XunOP8CRUowT0pSJOwhW098ZCUyskZD88=
github.com/fxamacker/cbor/v2 v2.4.0/go.mod h1:TA1xS00nchWmaBnEIxPSE5oHLuJBAVvqrtAnWBwBCVo=
github.com/gin-contrib/sse v0.1.0 h1:Y/yl/+YNO8GZSjAhjMsSuLt29uWRFHdHYUb5lYOV9qE=
github.com/gin-contrib/sse v0.1.0/go.mod h1:RHrZQHXnP2xjPF+u1gW/2HnVO7nvIa9PG3Gm+fLHvGI=
github.com/gin-gonic/gin v1.6.3 h1:ahKqKTFpO5KTPHxWZjEdPScmYaGtLo8Y4DMHoEsnp14=
github.com/gin-gonic/gin v1.6.3/go.mod h1:75u5sXoLsGZoRN5Sgbi1eraJ4GU3++wFwWzhwvtwp4M=
github.com/github/fakeca v0.1.0 h1:Km/MVOFvclqxPM9dZBC4+QE564nU4gz4iZ0D9pMw28I=
github.com/github/fakeca v0.1.0/go.mod h1:+bormgoGMMuamOscx7N91aOuUST7wdaJ2rNjeohylyo=
github.com/go-ole/go-ole v1.2.6 h1:/Fpf6oFPoeFik9ty7siob0G6Ke8QvQEuVcuChpwXzpY=
github.com/go-ole/go-ole v1.2.6/go.mod h1:pprOEPIfldk/42T2oK7lQ4v4JSDwmV0As9GaiUsvbm0=
github.com/go-playground/assert/v2 v2.0.1/go.mod h1:VDjEfimB/XKnb+ZQfWdccd7VUvScMdVu0Titje2rxJ4=
github.com/go-playground/locales v0.13.0 h1:HyWk6mgj5qFqCT5fjGBuRArbVDfE4hi8+e8ceBS/t7Q=
github.com/go-playground/locales v0.13.0/go.mod h1:taPMhCMXrRLJO55olJkUXHZBHCxTMfnGwq/HNwmWNS8=
github.com/go-playground/universal-translator v0.17.0 h1:icxd5fm+REJzpZx7ZfpaD876Lmtgy7VtROAbHHXk8no=
github.com/go-playground/universal-translator v0.17.0/go.mod h1:UkSxE5sNxxRwHyU+Scu5vgOQjsIJAF8j9muTVoKLVtA=
github.com/go-playground/validator/v10 v10.2.0 h1:KgJ0snyC2R9VXYN2rneOtQcw5aHQB1Vv0sFl1UcHBOY=
github.com/go-playground/validator/v10 v10.2.0/go.mod h1:uOYAAleCW8F/7oMFd6aG0GOhaH6EGOAJShg8Id5JGkI=
github.com/gobwas/httphead v0.0.0-20180130184737-2c6c146eadee h1:s+21KNqlpePfkah2I+gwHF8xmJWRjooY+5248k6m4A0=
github.com/gobwas/httphead v0.0.0-20180130184737-2c6c146eadee/go.mod h1:L0fX3K22YWvt/FAX9NnzrNzcI4wNYi9Yku4O0LKYflo=
github.com/gobwas/pool v0.2.0 h1:QEmUOlnSjWtnpRGHF3SauEiOsy82Cup83Vf2LcMlnc8=
github.com/gobwas/pool v0.2.0/go.mod h1:q8bcK0KcYlCgd9e7WYLm9LpyS+YeLd8JVDW6WezmKEw=
github.com/gobwas/ws v1.0.2 h1:CoAavW/wd/kulfZmSIBt6p24n4j7tHgNVCjsfHVNUbo=
github.com/gobwas/ws v1.0.2/go.mod h1:szmBTxLgaFppYjEmNtny/v3w89xOydFnnZMcgRRu/EM=
github.com/godbus/dbus/v5 v5.0.6 h1:mkgN1ofwASrYnJ5W6U/BxG15eXXXjirgZc7CLqkcaro=
github.com/godbus/dbus/v5 v5.0.6/go.mod h1:xhWf0FNVPg57R7Z0UbKHbJfkEywrmjJnf7w5xrFpKfA=
github.com/golang/groupcache v0.0.0-20210331224755-41bb18bfe9da h1:oI5xCqsCo564l8iNU+DwB5epxmsaqB+rhGL0m5jtYqE=
github.com/golang/groupcache v0.0.0-20210331224755-41bb18bfe9da/go.mod h1:cIg4eruTrX1D+g88fzRXU5OdNfaM+9IcxsU14FzY7Hc=
github.com/golang/protobuf v1.3.3/go.mod h1:vzj43D7+SQXF/4pzW/hwtAqwc6iTitCiVSaWz5lYuqw=
github.com/golang/protobuf v1.3.5/go.mod h1:6O5/vntMXwX2lRkT1hjjk0nAC1IDOTvTlVgjlRvqsdk=
github.com/golang/protobuf v1.5.2 h1:ROPKBNFfQgOUMifHyP+KYbvpjbdoFNs+aK7DXlji0Tw=
github.com/google/btree v1.0.1 h1:gK4Kx5IaGY9CD5sPJ36FHiBJ6ZXl0kilRiiCj+jdYp4=
github.com/google/btree v1.0.1/go.mod h1:xXMiIv4Fb/0kKde4SpL7qlzvu5cMJDRkFDxJfI9uaxA=
github.com/google/go-cmp v0.2.0/go.mod h1:oXzfMopK8JAjlY9xF4vHSVASa0yLyX7SntLO5aqRK0M=
github.com/google/go-cmp v0.3.0/go.mod h1:8QqcDgzrUqlUb/G2PQTWiueGozuR1884gddMywk6iLU=
github.com/google/go-cmp v0.3.1/go.mod h1:8QqcDgzrUqlUb/G2PQTWiueGozuR1884gddMywk6iLU=
github.com/google/go-cmp v0.4.0/go.mod h1:v8dTdLbMG2kIc/vJvl+f65V22dbkXbowE6jgT/gNBxE=
github.com/google/go-cmp v0.5.2/go.mod h1:v8dTdLbMG2kIc/vJvl+f65V22dbkXbowE6jgT/gNBxE=
github.com/google/go-cmp v0.5.4/go.mod h1:v8dTdLbMG2kIc/vJvl+f65V22dbkXbowE6jgT/gNBxE=
github.com/google/go-cmp v0.5.6/go.mod h1:v8dTdLbMG2kIc/vJvl+f65V22dbkXbowE6jgT/gNBxE=
github.com/google/go-cmp v0.5.7/go.mod h1:n+brtR0CgQNWTVd5ZUFpTBC8YFBDLK/h/bpaJ8/DtOE=
github.com/google/go-cmp v0.5.8 h1:e6P7q2lk1O+qJJb4BtCQXlK8vWEO8V1ZeuEdJNOqZyg=
github.com/google/go-cmp v0.5.8/go.mod h1:17dUlkBOakJ0+DkrSSNjCkIjxS6bF9zb3elmeNGIjoY=
github.com/google/gofuzz v1.0.0/go.mod h1:dBl0BpW6vV/+mYPU4Po3pmUjxk6FQPldtuIdl/M65Eg=
github.com/gopherjs/gopherjs v0.0.0-20181017120253-0766667cb4d1/go.mod h1:wJfORRmW1u3UXTncJ5qlYoELFm8eSnnEO6hX4iZ3EWY=
github.com/gorilla/websocket v1.4.1/go.mod h1:YR8l580nyteQvAITg2hZ9XVh4b55+EU/adAjf1fMHhE=
github.com/gorilla/websocket v1.4.2 h1:+/TMaTYc4QFitKJxsQ7Yye35DkWvkdLcvGKqM+x0Ufc=
github.com/hdevalence/ed25519consensus v0.0.0-20220222234857-c00d1f31bab3 h1:aSVUgRRRtOrZOC1fYmY9gV0e9z/Iu+xNVSASWjsuyGU=
github.com/hdevalence/ed25519consensus v0.0.0-20220222234857-c00d1f31bab3/go.mod h1:5PC6ZNPde8bBqU/ewGZig35+UIZtw9Ytxez8/q5ZyFE=
github.com/hugelgupf/socketpair v0.0.0-20190730060125-05d35a94e714/go.mod h1:2Goc3h8EklBH5mspfHFxBnEoURQCGzQQH1ga9Myjvis=
github.com/insomniacslk/dhcp v0.0.0-20211209223715-7d93572ebe8e h1:IQpunlq7T+NiJJMO7ODYV2YWBiv/KnObR3gofX0mWOo=
github.com/insomniacslk/dhcp v0.0.0-20211209223715-7d93572ebe8e/go.mod h1:h+MxyHxRg9NH3terB1nfRIUaQEcI0XOVkdR9LNBlp8E=
github.com/jmespath/go-jmespath v0.4.0 h1:BEgLn5cpjn8UN1mAw4NjwDrS35OdebyEtFe+9YPoQUg=
github.com/jmespath/go-jmespath v0.4.0/go.mod h1:T8mJZnbsbmF+m6zOOFylbeCJqk5+pHWvzYPziyZiYoo=
github.com/jmespath/go-jmespath/internal/testify v1.5.1 h1:shLQSRRSCCPj3f2gpwzGwWFoC7ycTf1rcQZHOlsJ6N8=
github.com/jmespath/go-jmespath/internal/testify v1.5.1/go.mod h1:L3OGu8Wl2/fWfCI6z80xFu9LTZmf1ZRjMHUOPmWr69U=
github.com/josharian/native v1.0.0 h1:Ts/E8zCSEsG17dUqv7joXJFybuMLjQfWE04tsBODTxk=
github.com/josharian/native v1.0.0/go.mod h1:7X/raswPFr05uY3HiLlYeyQntB6OO7E/d2Cu7qoaN2w=
github.com/jsimonetti/rtnetlink v0.0.0-20190606172950-9527aa82566a/go.mod h1:Oz+70psSo5OFh8DBl0Zv2ACw7Esh6pPUphlvZG9x7uw=
github.com/jsimonetti/rtnetlink v0.0.0-20200117123717-f846d4f6c1f4/go.mod h1:WGuG/smIU4J/54PblvSbh+xvCZmpJnFgr3ds6Z55XMQ=
github.com/jsimonetti/rtnetlink v0.0.0-20201009170750-9c6f07d100c1/go.mod h1:hqoO/u39cqLeBLebZ8fWdE96O7FxrAsRYhnVOdgHxok=
github.com/jsimonetti/rtnetlink v0.0.0-20201110080708-d2c240429e6c/go.mod h1:huN4d1phzjhlOsNIjFsw2SVRbwIHj3fJDMEU2SDPTmg=
github.com/jsimonetti/rtnetlink v1.1.2-0.20220408201609-d380b505068b h1:Yws7RV6kZr2O7PPdT+RkbSmmOponA8i/1DuGHe8BRsM=
github.com/jsimonetti/rtnetlink v1.1.2-0.20220408201609-d380b505068b/go.mod h1:TzDCVOZKUa79z6iXbbXqhtAflVgUKaFkZ21M5tK5tzY=
github.com/json-iterator/go v1.1.9 h1:9yzud/Ht36ygwatGx56VwCZtlI/2AD15T1X2sjSuGns=
github.com/json-iterator/go v1.1.9/go.mod h1:KdQUCv79m/52Kvf8AW2vK1V8akMuk1QjK/uOdHXbAo4=
github.com/jtolds/gls v4.20.0+incompatible/go.mod h1:QJZ7F/aHp+rZTRtaJ1ow/lLfFfVYBRgL+9YlvaHOwJU=
github.com/klauspost/compress v1.10.3/go.mod h1:aoV0uJVorq1K+umq18yTdKaF57EivdYsUV+/s2qKfXs=
github.com/klauspost/compress v1.15.4 h1:1kn4/7MepF/CHmYub99/nNX8az0IJjfSOU/jbnTVfqQ=
github.com/klauspost/compress v1.15.4/go.mod h1:PhcZ0MbTNciWF3rruxRgKxI5NkcHHrHUDtV4Yw2GlzU=
github.com/kortschak/wol v0.0.0-20200729010619-da482cc4850a h1:+RR6SqnTkDLWyICxS1xpjCi/3dhyV+TgZwA6Ww3KncQ=
github.com/kortschak/wol v0.0.0-20200729010619-da482cc4850a/go.mod h1:YTtCCM3ryyfiu4F7t8HQ1mxvp1UBdWM2r6Xa+nGWvDk=
github.com/kr/pretty v0.1.0/go.mod h1:dAy3ld7l9f0ibDNOQOHHMYYIIbhfbHSm3C4ZsoJORNo=
github.com/kr/pretty v0.3.0 h1:WgNl7dwNpEZ6jJ9k1snq4pZsg7DOEN8hP9Xw0Tsjwk0=
github.com/kr/pretty v0.3.0/go.mod h1:640gp4NfQd8pI5XOwp5fnNeVWj67G7CFk/SaSQn7NBk=
github.com/kr/pty v1.1.1/go.mod h1:pFQYn66WHrOpPYNljwOMqo10TkYh1fy3cYio2l3bCsQ=
github.com/kr/text v0.1.0/go.mod h1:4Jbv+DJW3UT/LiOwJeYQe1efqtUx/iVham/4vfdArNI=
github.com/kr/text v0.2.0 h1:5Nx0Ya0ZqY2ygV366QzturHI13Jq95ApcVaJBhpS+AY=
github.com/kr/text v0.2.0/go.mod h1:eLer722TekiGuMkidMxC/pM04lWEeraHUUmBw8l2grE=
github.com/leodido/go-urn v1.2.0 h1:hpXL4XnriNwQ/ABnpepYM/1vCLWNDfUNts8dX3xTG6Y=
github.com/leodido/go-urn v1.2.0/go.mod h1:+8+nEpDfqqsY+g338gtMEUOtuK+4dEMhiQEgxpxOKII=
github.com/mattn/go-isatty v0.0.12/go.mod h1:cbi8OIDigv2wuxKPP5vlRcQ1OAZbq2CE4Kysco4FUpU=
github.com/mattn/go-isatty v0.0.14 h1:yVuAays6BHfxijgZPzw+3Zlu5yQgKGP2/hcQbHb7S9Y=
github.com/mdlayher/ethernet v0.0.0-20190606142754-0394541c37b7/go.mod h1:U6ZQobyTjI/tJyq2HG+i/dfSoFUt8/aZCM+GKtmFk/Y=
github.com/mdlayher/genetlink v1.2.0 h1:4yrIkRV5Wfk1WfpWTcoOlGmsWgQj3OtQN9ZsbrE+XtU=
github.com/mdlayher/genetlink v1.2.0/go.mod h1:ra5LDov2KrUCZJiAtEvXXZBxGMInICMXIwshlJ+qRxQ=
github.com/mdlayher/netlink v0.0.0-20190409211403-11939a169225/go.mod h1:eQB3mZE4aiYnlUsyGGCOpPETfdQq4Jhsgf1fk3cwQaA=
github.com/mdlayher/netlink v1.0.0/go.mod h1:KxeJAFOFLG6AjpyDkQ/iIhxygIUKD+vcwqcnu43w/+M=
github.com/mdlayher/netlink v1.1.0/go.mod h1:H4WCitaheIsdF9yOYu8CFmCgQthAPIWZmcKp9uZHgmY=
github.com/mdlayher/netlink v1.1.1/go.mod h1:WTYpFb/WTvlRJAyKhZL5/uy69TDDpHHu2VZmb2XgV7o=
github.com/mdlayher/netlink v1.6.0 h1:rOHX5yl7qnlpiVkFWoqccueppMtXzeziFjWAjLg6sz0=
github.com/mdlayher/netlink v1.6.0/go.mod h1:0o3PlBmGst1xve7wQ7j/hwpNaFaH4qCRyWCdcZk8/vA=
github.com/mdlayher/raw v0.0.0-20190606142536-fef19f00fc18/go.mod h1:7EpbotpCmVZcu+KCX4g9WaRNuu11uyhiW7+Le1dKawg=
github.com/mdlayher/raw v0.0.0-20191009151244-50f2db8cc065/go.mod h1:7EpbotpCmVZcu+KCX4g9WaRNuu11uyhiW7+Le1dKawg=
github.com/mdlayher/sdnotify v1.0.0 h1:Ma9XeLVN/l0qpyx1tNeMSeTjCPH6NtuD6/N9XdTlQ3c=
github.com/mdlayher/sdnotify v1.0.0/go.mod h1:HQUmpM4XgYkhDLtd+Uad8ZFK1T9D5+pNxnXQjCeJlGE=
github.com/mdlayher/socket v0.1.1/go.mod h1:mYV5YIZAfHh4dzDVzI8x8tWLWCliuX8Mon5Awbj+qDs=
github.com/mdlayher/socket v0.2.3 h1:XZA2X2TjdOwNoNPVPclRCURoX/hokBY8nkTmRZFEheM=
github.com/mdlayher/socket v0.2.3/go.mod h1:bz12/FozYNH/VbvC3q7TRIK/Y6dH1kCKsXaUeXi/FmY=
github.com/miekg/dns v1.1.43 h1:JKfpVSCB84vrAmHzyrsxB5NAr5kLoMXZArPSw7Qlgyg=
github.com/mitchellh/go-ps v1.0.0 h1:i6ampVEEF4wQFF+bkYfwYgY+F/uYJDktmvLPf7qIgjc=
github.com/mitchellh/go-ps v1.0.0/go.mod h1:J4lOc8z8yJs6vUwklHw2XEIiT4z4C40KtWVN3nvg8Pg=
github.com/modern-go/concurrent v0.0.0-20180228061459-e0a39a4cb421/go.mod h1:6dJC0mAP4ikYIbvyc7fijjWJddQyLn8Ig3JB5CqoB9Q=
github.com/modern-go/concurrent v0.0.0-20180306012644-bacd9c7ef1dd h1:TRLaZ9cD/w8PVh93nsPXa1VrQ6jlwL5oN8l14QlcNfg=
github.com/modern-go/reflect2 v0.0.0-20180701023420-4b7aa43c6742/go.mod h1:bx2lNnkwVCuqBIxFjflWJWanXIb3RllmbCylyMrvgv0=
github.com/modern-go/reflect2 v1.0.1 h1:9f412s+6RmYXLWZSEzVVgPGK7C2PphHj5RJrvfx9AWI=
github.com/oxtoacart/bpool v0.0.0-20190530202638-03653db5a59c h1:rp5dCmg/yLR3mgFuSOe4oEnDDmGLROTvMragMUXpTQw=
github.com/pkg/errors v0.8.1/go.mod h1:bwawxfHBFNV+L2hUp1rHADufV3IMtnDRdf1r5NINEl0=
github.com/pkg/errors v0.9.1 h1:FEBLx1zS214owpjy7qsBeixbURkuhQAwrK5UwLGTwt4=
github.com/pkg/errors v0.9.1/go.mod h1:bwawxfHBFNV+L2hUp1rHADufV3IMtnDRdf1r5NINEl0=
github.com/pmezard/go-difflib v1.0.0 h1:4DBwDE0NGyQoBHbLQYPwSUPoCMWR5BEzIk/f1lZbAQM=
github.com/pmezard/go-difflib v1.0.0/go.mod h1:iKH77koFhYxTK1pcRnkKkqfTogsbg7gZNVY4sRDYZ/4=
github.com/rogpeppe/go-internal v1.6.1/go.mod h1:xXDCJY+GAPziupqXw64V24skbSoqbTEfhy4qGm1nDQc=
github.com/rogpeppe/go-internal v1.8.1-0.20211023094830-115ce09fd6b4 h1:Ha8xCaq6ln1a+R91Km45Oq6lPXj2Mla6CRJYcuV2h1w=
github.com/smartystreets/assertions v0.0.0-20180927180507-b2de0cb4f26d/go.mod h1:OnSkiWE9lh6wB0YB77sQom3nweQdgAjqCqsofrRNTgc=
github.com/smartystreets/goconvey v1.6.4/go.mod h1:syvi0/a8iFYH4r/RixwvyeAJjdLS9QV7WQ/tjFTllLA=
github.com/stretchr/objx v0.1.0/go.mod h1:HFkY916IF+rwdDfMAkV7OtwuqBVzrE8GR6GFx+wExME=
github.com/stretchr/testify v1.3.0/go.mod h1:M5WIy9Dh21IEIfnGCwXGc5bZfKNJtfHm1UVUgZn+9EI=
github.com/stretchr/testify v1.4.0/go.mod h1:j7eGeouHqKxXV5pUuKE4zz7dFj8WfuZ+81PSLYec5m4=
github.com/stretchr/testify v1.6.1/go.mod h1:6Fq8oRcR53rry900zMqJjRRixrwX3KX962/h/Wwjteg=
github.com/stretchr/testify v1.8.0 h1:pSgiaMZlXftHpm5L7V1+rVB+AZJydKsMxsQBIJw4PKk=
github.com/tailscale/certstore v0.1.1-0.20220316223106-78d6e1c49d8d h1:K3j02b5j2Iw1xoggN9B2DIEkhWGheqFOeDkdJdBrJI8=
github.com/tailscale/certstore v0.1.1-0.20220316223106-78d6e1c49d8d/go.mod h1:2P+hpOwd53e7JMX/L4f3VXkv1G+33ES6IWZSrkIeWNs=
github.com/tailscale/golang-x-crypto v0.0.0-20221009170451-62f465106986 h1:jWSwTR9CY13oa2oxhR3FInk1ybqC1NbF9cFeoWrrx+E=
github.com/tailscale/golang-x-crypto v0.0.0-20221009170451-62f465106986/go.mod h1:95n9fbUCixVSI4QXLEvdKJjnYK2eUlkTx9+QwLPXFKU=
github.com/tailscale/goupnp v1.0.1-0.20210804011211-c64d0f06ea05 h1:4chzWmimtJPxRs2O36yuGRW3f9SYV+bMTTvMBI0EKio=
github.com/tailscale/goupnp v1.0.1-0.20210804011211-c64d0f06ea05/go.mod h1:PdCqy9JzfWMJf1H5UJW2ip33/d4YkoKN0r67yKH1mG8=
github.com/tailscale/netlink v1.1.1-0.20211101221916-cabfb018fe85 h1:zrsUcqrG2uQSPhaUPjUQwozcRdDdSxxqhNgNZ3drZFk=
github.com/tailscale/netlink v1.1.1-0.20211101221916-cabfb018fe85/go.mod h1:NzVQi3Mleb+qzq8VmcWpSkcSYxXIg0DkI6XDzpVkhJ0=
github.com/tcnksm/go-httpstat v0.2.0 h1:rP7T5e5U2HfmOBmZzGgGZjBQ5/GluWUylujl0tJ04I0=
github.com/tcnksm/go-httpstat v0.2.0/go.mod h1:s3JVJFtQxtBEBC9dwcdTTXS9xFnM3SXAZwPG41aurT8=
github.com/u-root/uio v0.0.0-20210528114334-82958018845c/go.mod h1:LpEX5FO/cB+WF4TYGY1V5qktpaZLkKkSegbr0V4eYXA=
github.com/u-root/uio v0.0.0-20220204230159-dac05f7d2cb4 h1:hl6sK6aFgTLISijk6xIzeqnPzQcsLqqvL6vEfTPinME=
github.com/u-root/uio v0.0.0-20220204230159-dac05f7d2cb4/go.mod h1:LpEX5FO/cB+WF4TYGY1V5qktpaZLkKkSegbr0V4eYXA=
github.com/ugorji/go v1.1.7 h1:/68gy2h+1mWMrwZFeD1kQialdSzAb432dtpeJ42ovdo=
github.com/ugorji/go v1.1.7/go.mod h1:kZn38zHttfInRq0xu/PH0az30d+z6vm202qpg1oXVMw=
github.com/ugorji/go/codec v1.1.7 h1:2SvQaVZ1ouYrrKKwoSk2pzd4A9evlKJb9oTL+OaLUSs=
github.com/ugorji/go/codec v1.1.7/go.mod h1:Ax+UKWsSmolVDwsd+7N3ZtXu+yMGCf907BLYF3GoBXY=
github.com/vishvananda/netlink v1.1.1-0.20211118161826-650dca95af54 h1:8mhqcHPqTMhSPoslhGYihEgSfc77+7La1P6kiB6+9So=
github.com/vishvananda/netlink v1.1.1-0.20211118161826-650dca95af54/go.mod h1:twkDnbuQxJYemMlGd4JFIcuhgX83tXhKS2B/PRMpOho=
github.com/vishvananda/netns v0.0.0-20200728191858-db3c7e526aae/go.mod h1:DD4vA1DwXk04H54A1oHXtwZmA0grkVMdPxx/VGLCah0=
github.com/vishvananda/netns v0.0.0-20211101163701-50045581ed74 h1:gga7acRE695APm9hlsSMoOoE65U4/TcqNj90mc69Rlg=
github.com/vishvananda/netns v0.0.0-20211101163701-50045581ed74/go.mod h1:DD4vA1DwXk04H54A1oHXtwZmA0grkVMdPxx/VGLCah0=
github.com/x448/float16 v0.8.4 h1:qLwI1I70+NjRFUR3zs1JPUCgaCXSh3SW62uAKT1mSBM=
github.com/x448/float16 v0.8.4/go.mod h1:14CWIYCyZA/cWjXOioeEpHeN/83MdbZDRQHoFcYsOfg=
go4.org/intern v0.0.0-20211027215823-ae77deb06f29 h1:UXLjNohABv4S58tHmeuIZDO6e3mHpW2Dx33gaNt03LE=
go4.org/mem v0.0.0-20210711025021-927187094b94 h1:OAAkygi2Js191AJP1Ds42MhJRgeofeKGjuoUqNp1QC4=
go4.org/mem v0.0.0-20210711025021-927187094b94/go.mod h1:reUoABIJ9ikfM5sgtSF3Wushcza7+WeD01VB9Lirh3g=
go4.org/netipx v0.0.0-20220725152314-7e7bdc8411bf h1:IdwJUzqoIo5lkr2EOyKoe5qipUaEjbOKKY5+fzPBZ3A=
go4.org/netipx v0.0.0-20220725152314-7e7bdc8411bf/go.mod h1:+QXzaoURFd0rGDIjDNpyIkv+F9R7EmeKorvlKRnhqgA=
go4.org/unsafe/assume-no-moving-gc v0.0.0-20220617031537-928513b29760 h1:FyBZqvoA/jbNzuAWLQE2kG820zMAkcilx6BMjGbL/E4=
golang.org/x/crypto v0.0.0-20190308221718-c2843e01d9a2/go.mod h1:djNgcEr1/C05ACkg1iLfiJU5Ep61QUkGW8qpdssI0+w=
golang.org/x/crypto v0.0.0-20200622213623-75b288015ac9/go.mod h1:LzIPMQfyMNhhGPhUkYOs5KpL4U8rLKemX1yGLhDgUto=
golang.org/x/crypto v0.0.0-20220722155217-630584e8d5aa h1:zuSxTR4o9y82ebqCUJYNGJbGPo6sKVl54f/TVDObg1c=
golang.org/x/crypto v0.0.0-20220722155217-630584e8d5aa/go.mod h1:IxCIyHEi3zRg3s0A5j5BB6A9Jmi73HwBIUl50j+osU4=
golang.org/x/exp v0.0.0-20220722155223-a9213eeb770e h1:+WEEuIdZHnUeJJmEUjyYC2gfUMj69yZXw17EnHg/otA=
golang.org/x/exp v0.0.0-20220722155223-a9213eeb770e/go.mod h1:Kr81I6Kryrl9sr8s2FK3vxD90NdsKWRuOIl2O4CvYbA=
golang.org/x/exp/typeparams v0.0.0-20220328175248-053ad81199eb h1:fP6C8Xutcp5AlakmT/SkQot0pMicROAsEX7OfNPuG10=
golang.org/x/mod v0.6.0-dev.0.20220419223038-86c51ed26bb4 h1:6zppjxzCulZykYSLyVDYbneBfbaBIQPYMevg0bEwv2s=
golang.org/x/net v0.0.0-20190311183353-d8887717615a/go.mod h1:t9HGtf8HONx5eT2rtn7q6eTqICYqUVnKs3thJo3Qplg=
golang.org/x/net v0.0.0-20190404232315-eb5bcb51f2a3/go.mod h1:t9HGtf8HONx5eT2rtn7q6eTqICYqUVnKs3thJo3Qplg=
golang.org/x/net v0.0.0-20190419010253-1f3472d942ba/go.mod h1:t9HGtf8HONx5eT2rtn7q6eTqICYqUVnKs3thJo3Qplg=
golang.org/x/net v0.0.0-20190603091049-60506f45cf65/go.mod h1:HSz+uSET+XFnRR8LxR5pz3Of3rY3CfYBVs4xY44aLks=
golang.org/x/net v0.0.0-20190827160401-ba9fcec4b297/go.mod h1:z5CRVTTTmAJ677TzLLGU+0bjPO0LkuOLi4/5GtJWs/s=
golang.org/x/net v0.0.0-20191007182048-72f939374954/go.mod h1:z5CRVTTTmAJ677TzLLGU+0bjPO0LkuOLi4/5GtJWs/s=
golang.org/x/net v0.0.0-20200202094626-16171245cfb2/go.mod h1:z5CRVTTTmAJ677TzLLGU+0bjPO0LkuOLi4/5GtJWs/s=
golang.org/x/net v0.0.0-20201010224723-4f7140c49acb/go.mod h1:sp8m0HH+o8qH0wwXwYZr8TS3Oi6o0r6Gce1SSxlDquU=
golang.org/x/net v0.0.0-20201110031124-69a78807bb2b/go.mod h1:sp8m0HH+o8qH0wwXwYZr8TS3Oi6o0r6Gce1SSxlDquU=
golang.org/x/net v0.0.0-20210928044308-7d9f5e0b762b/go.mod h1:9nx3DQGgdP8bBQD5qxJ1jj9UTztislL4KSBs9R2vV5Y=
golang.org/x/net v0.0.0-20220127200216-cd36cc0744dd/go.mod h1:CfG3xpIq0wQ8r1q4Su4UZFWDARRcnwPjda9FqA0JpMk=
golang.org/x/net v0.7.0 h1:rJrUqqhjsgNp7KqAIc25s9pZnjU7TUcSY7HcVZjdn1g=
golang.org/x/net v0.7.0/go.mod h1:2Tu9+aMcznHK/AK1HMvgo6xiTLG5rD5rZLDS+rp2Bjs=
golang.org/x/sync v0.0.0-20210220032951-036812b2e83c/go.mod h1:RxMgew5VJxzue5/jJTE5uejpjVlOe/izrB70Jof72aM=
golang.org/x/sync v0.0.0-20220601150217-0de741cfad7f h1:Ax0t5p6N38Ga0dThY21weqDEyz2oklo4IvDkpigvkD8=
golang.org/x/sync v0.0.0-20220601150217-0de741cfad7f/go.mod h1:RxMgew5VJxzue5/jJTE5uejpjVlOe/izrB70Jof72aM=
golang.org/x/sys v0.0.0-20190215142949-d0b11bdaac8a/go.mod h1:STP8DvDyc/dI5b8T5hshtkjS+E42TnysNCUPdjciGhY=
golang.org/x/sys v0.0.0-20190312061237-fead79001313/go.mod h1:h1NjWce9XRLGQEsW7wpKNCjG9DtNlClVuFLEZdDNbEs=
golang.org/x/sys v0.0.0-20190411185658-b44545bcd369/go.mod h1:h1NjWce9XRLGQEsW7wpKNCjG9DtNlClVuFLEZdDNbEs=
golang.org/x/sys v0.0.0-20190412213103-97732733099d/go.mod h1:h1NjWce9XRLGQEsW7wpKNCjG9DtNlClVuFLEZdDNbEs=
golang.org/x/sys v0.0.0-20190418153312-f0ce4c0180be/go.mod h1:h1NjWce9XRLGQEsW7wpKNCjG9DtNlClVuFLEZdDNbEs=
golang.org/x/sys v0.0.0-20190606122018-79a91cf218c4/go.mod h1:h1NjWce9XRLGQEsW7wpKNCjG9DtNlClVuFLEZdDNbEs=
golang.org/x/sys v0.0.0-20190826190057-c7b8b68b1456/go.mod h1:h1NjWce9XRLGQEsW7wpKNCjG9DtNlClVuFLEZdDNbEs=
golang.org/x/sys v0.0.0-20190916202348-b4ddaad3f8a3/go.mod h1:h1NjWce9XRLGQEsW7wpKNCjG9DtNlClVuFLEZdDNbEs=
golang.org/x/sys v0.0.0-20191008105621-543471e840be/go.mod h1:h1NjWce9XRLGQEsW7wpKNCjG9DtNlClVuFLEZdDNbEs=
golang.org/x/sys v0.0.0-20200116001909-b77594299b42/go.mod h1:h1NjWce9XRLGQEsW7wpKNCjG9DtNlClVuFLEZdDNbEs=
golang.org/x/sys v0.0.0-20200202164722-d101bd2416d5/go.mod h1:h1NjWce9XRLGQEsW7wpKNCjG9DtNlClVuFLEZdDNbEs=
golang.org/x/sys v0.0.0-20200217220822-9197077df867/go.mod h1:h1NjWce9XRLGQEsW7wpKNCjG9DtNlClVuFLEZdDNbEs=
golang.org/x/sys v0.0.0-20200728102440-3e129f6d46b1/go.mod h1:h1NjWce9XRLGQEsW7wpKNCjG9DtNlClVuFLEZdDNbEs=
golang.org/x/sys v0.0.0-20200930185726-fdedc70b468f/go.mod h1:h1NjWce9XRLGQEsW7wpKNCjG9DtNlClVuFLEZdDNbEs=
golang.org/x/sys v0.0.0-20201009025420-dfb3f7c4e634/go.mod h1:h1NjWce9XRLGQEsW7wpKNCjG9DtNlClVuFLEZdDNbEs=
golang.org/x/sys v0.0.0-20201101102859-da207088b7d1/go.mod h1:h1NjWce9XRLGQEsW7wpKNCjG9DtNlClVuFLEZdDNbEs=
golang.org/x/sys v0.0.0-20201119102817-f84b799fce68/go.mod h1:h1NjWce9XRLGQEsW7wpKNCjG9DtNlClVuFLEZdDNbEs=
golang.org/x/sys v0.0.0-20210423082822-04245dca01da/go.mod h1:h1NjWce9XRLGQEsW7wpKNCjG9DtNlClVuFLEZdDNbEs=
golang.org/x/sys v0.0.0-20210525143221-35b2ab0089ea/go.mod h1:oPkhp1MJrh7nUepCBck5+mAzfO9JrbApNNgaTdGDITg=
golang.org/x/sys v0.0.0-20210615035016-665e8c7367d1/go.mod h1:oPkhp1MJrh7nUepCBck5+mAzfO9JrbApNNgaTdGDITg=
golang.org/x/sys v0.0.0-20210906170528-6f6e22806c34/go.mod h1:oPkhp1MJrh7nUepCBck5+mAzfO9JrbApNNgaTdGDITg=
golang.org/x/sys v0.0.0-20210927094055-39ccf1dd6fa6/go.mod h1:oPkhp1MJrh7nUepCBck5+mAzfO9JrbApNNgaTdGDITg=
golang.org/x/sys v0.0.0-20211216021012-1d35b9e2eb4e/go.mod h1:oPkhp1MJrh7nUepCBck5+mAzfO9JrbApNNgaTdGDITg=
golang.org/x/sys v0.0.0-20220128215802-99c3d69c2c27/go.mod h1:oPkhp1MJrh7nUepCBck5+mAzfO9JrbApNNgaTdGDITg=
golang.org/x/sys v0.5.0 h1:MUK/U/4lj1t1oPg0HfuXDN/Z1wv31ZJ/YcPiGccS4DU=
golang.org/x/sys v0.5.0/go.mod h1:oPkhp1MJrh7nUepCBck5+mAzfO9JrbApNNgaTdGDITg=
golang.org/x/term v0.0.0-20201126162022-7de9c90e9dd1/go.mod h1:bj7SfCRtBDWHUb9snDiAeCFNEtKQo2Wmx5Cou7ajbmo=
golang.org/x/term v0.0.0-20210927222741-03fcf44c2211/go.mod h1:jbD1KX2456YbFQfuXm/mYQcufACuNUgVhRMnK/tPxf8=
golang.org/x/term v0.5.0 h1:n2a8QNdAb0sZNpU9R1ALUXBbY+w51fCQDN+7EdxNBsY=
golang.org/x/term v0.5.0/go.mod h1:jMB1sMXY+tzblOD4FWmEbocvup2/aLOaQEp7JmGp78k=
golang.org/x/text v0.3.0/go.mod h1:NqM8EUOU14njkJ3fqMW+pc6Ldnwhi/IjpwHt7yyuwOQ=
golang.org/x/text v0.3.2/go.mod h1:bEr9sfX3Q8Zfm5fL9x+3itogRgK3+ptLWKqgva+5dAk=
golang.org/x/text v0.3.3/go.mod h1:5Zoc/QRtKVWzQhOtBMvqHzDpF6irO9z98xDceosuGiQ=
golang.org/x/text v0.3.6/go.mod h1:5Zoc/QRtKVWzQhOtBMvqHzDpF6irO9z98xDceosuGiQ=
golang.org/x/text v0.3.7/go.mod h1:u+2+/6zg+i71rQMx5EYifcz6MCKuco9NR6JIITiCfzQ=
golang.org/x/text v0.7.0 h1:4BRB4x83lYWy72KwLD/qYDuTu7q9PjSagHvijDw7cLo=
golang.org/x/text v0.7.0/go.mod h1:mrYo+phRRbMaCq/xk9113O4dZlRixOauAjOtrjsXDZ8=
golang.org/x/time v0.0.0-20191024005414-555d28b269f0/go.mod h1:tRJNPiyCQ0inRvYxbN9jk5I+vvW/OXSQhTDSoE431IQ=
golang.org/x/time v0.0.0-20211116232009-f0f3c7e86c11 h1:GZokNIeuVkl3aZHJchRrr13WCsols02MLUcz1U9is6M=
golang.org/x/time v0.0.0-20211116232009-f0f3c7e86c11/go.mod h1:tRJNPiyCQ0inRvYxbN9jk5I+vvW/OXSQhTDSoE431IQ=
golang.org/x/tools v0.0.0-20180917221912-90fa682c2a6e/go.mod h1:n7NCudcB/nEzxVGmLbDWY5pfWTLqBcC2KZ6jyYvM4mQ=
golang.org/x/tools v0.0.0-20190328211700-ab21143f2384/go.mod h1:LCzVGOaR6xXOjkQ3onu1FJEFr0SW1gC7cKk1uF8kGRs=
golang.org/x/tools v0.1.12 h1:VveCTK38A2rkS8ZqFY25HIDFscX5X9OoEhJd3quQmXU=
golang.org/x/xerrors v0.0.0-20191204190536-9bdfabe68543/go.mod h1:I/5z698sn9Ka8TeJc9MKroUUfqBBauWjQqLJ2OPfmY0=
golang.org/x/xerrors v0.0.0-20200804184101-5ec99f83aff1/go.mod h1:I/5z698sn9Ka8TeJc9MKroUUfqBBauWjQqLJ2OPfmY0=
golang.zx2c4.com/wintun v0.0.0-20211104114900-415007cec224 h1:Ug9qvr1myri/zFN6xL17LSCBGFDnphBBhzmILHsM5TY=
golang.zx2c4.com/wintun v0.0.0-20211104114900-415007cec224/go.mod h1:deeaetjYA+DHMHg+sMSMI58GrEteJUUzzw7en6TJQcI=
golang.zx2c4.com/wireguard v0.0.0-20220904105730-b51010ba13f0 h1:5ZkdpbduT/g+9OtbSDvbF3KvfQG45CtH/ppO8FUmvCQ=
golang.zx2c4.com/wireguard v0.0.0-20220904105730-b51010ba13f0/go.mod h1:enML0deDxY1ux+B6ANGiwtg0yAJi1rctkTpcHNAVPyg=
golang.zx2c4.com/wireguard/windows v0.5.3 h1:On6j2Rpn3OEMXqBq00QEDC7bWSZrPIHKIus8eIuExIE=
golang.zx2c4.com/wireguard/windows v0.5.3/go.mod h1:9TEe8TJmtwyQebdFwAkEWOPr3prrtqm+REGFifP60hI=
google.golang.org/protobuf v1.28.0 h1:w43yiav+6bVFTBQFZX0r7ipe9JQ1QsbMgHwbBziscLw=
gopkg.in/check.v1 v0.0.0-20161208181325-20d25e280405/go.mod h1:Co6ibVJAznAaIkqp8huTwlJQCZ016jof/cbN4VW5Yz0=
gopkg.in/check.v1 v1.0.0-20180628173108-788fd7840127/go.mod h1:Co6ibVJAznAaIkqp8huTwlJQCZ016jof/cbN4VW5Yz0=
gopkg.in/errgo.v2 v2.1.0/go.mod h1:hNsd1EY+bozCKY1Ytp96fpM3vjJbqLJn88ws8XvfDNI=
gopkg.in/yaml.v2 v2.2.2/go.mod h1:hI93XBmqTisBFMUTm0b8Fm+jr3Dg1NNxqwp+5A1VGuI=
gopkg.in/yaml.v2 v2.2.8/go.mod h1:hI93XBmqTisBFMUTm0b8Fm+jr3Dg1NNxqwp+5A1VGuI=
gopkg.in/yaml.v2 v2.4.0 h1:D8xgwECY7CYvx+Y2n4sBz93Jn9JRvxdiyyo8CTfuKaY=
gopkg.in/yaml.v3 v3.0.0-20200313102051-9f266ea9e77c/go.mod h1:K4uyk7z7BCEPqu6E+C64Yfv1cQ7kz7rIZviUmN+EgEM=
gopkg.in/yaml.v3 v3.0.1 h1:fxVm/GzAzEWqLHuvctI91KS9hhNmmWOoWu0XTYJS7CA=
gvisor.dev/gvisor v0.0.0-20220817001344-846276b3dbc5 h1:cv/zaNV0nr1mJzaeo4S5mHIm5va1W0/9J3/5prlsuRM=
gvisor.dev/gvisor v0.0.0-20220817001344-846276b3dbc5/go.mod h1:TIvkJD0sxe8pIob3p6T8IzxXunlp6yfgktvTNp+DGNM=
honnef.co/go/tools v0.4.0-0.dev.0.20220404092545-59d7a2877f83 h1:lZ9GIYaU+o5+X6ST702I/Ntyq9Y2oIMZ42rBQpem64A=
howett.net/plist v1.0.0 h1:7CrbWYbPPO/PyNy38b2EB/+gYbjCe2DXBxgtOOZbSQM=
nhooyr.io/websocket v1.8.7 h1:usjR2uOr/zjjkVMy0lW+PPohFok7PCow5sDjLgX4P4g=
nhooyr.io/websocket v1.8.7/go.mod h1:B70DZP8IakI65RVQ51MsWP/8jndNma26DVA/nFSCgW0=
software.sslmate.com/src/go-pkcs12 v0.0.0-20210415151418-c5206de65a78 h1:SqYE5+A2qvRhErbsXFfUEUmpWEKxxRSMgGLkvRAFOV4=
tailscale.com v1.32.3 h1:zQbS6xdJzk8SXcUxG6kPo+4aDqXByeP7NjivNpnTN+c=
tailscale.com v1.32.3/go.mod h1:AwKk+tI7z1+EXzmLxVNXA4dBpgTKd6RVV1VjFYEiv94=
